PODS:
  - KinemicGesture (1.1.0-dev.22-13-g5adfdb44):
    - KinemicGestureCore (= 1.1.0-dev.22-13-g5adfdb44)
    - PromiseKit (~> 6.8)
  - KinemicGestureCore (1.1.0-dev.22-13-g5adfdb44)
  - PromiseKit (6.11.0):
    - PromiseKit/CorePromise (= 6.11.0)
    - PromiseKit/Foundation (= 6.11.0)
    - PromiseKit/UIKit (= 6.11.0)
  - PromiseKit/CorePromise (6.11.0)
  - PromiseKit/Foundation (6.11.0):
    - PromiseKit/CorePromise
  - PromiseKit/UIKit (6.11.0):
    - PromiseKit/CorePromise

DEPENDENCIES:
  - "KinemicGesture (from `{:http=>\"https://repo.kinemic.com/repository/cocoapods-raw/KinemicGesture-1.1.0-dev.22-13-g5adfdb44.tar.gz\"}`)"
  - "KinemicGestureCore (from `{:http=>\"https://repo.kinemic.com/repository/cocoapods-raw/KinemicGestureCore-1.1.0-dev.22-13-g5adfdb44.tar.gz\"}`)"

SPEC REPOS:
  https://github.com/CocoaPods/Specs:
    - PromiseKit

EXTERNAL SOURCES:
  KinemicGesture:
    :http: https://repo.kinemic.com/repository/cocoapods-raw/KinemicGesture-1.1.0-dev.22-13-g5adfdb44.tar.gz
  KinemicGestureCore:
    :http: https://repo.kinemic.com/repository/cocoapods-raw/KinemicGestureCore-1.1.0-dev.22-13-g5adfdb44.tar.gz

CHECKOUT OPTIONS:
  KinemicGesture:
    :http: https://repo.kinemic.com/repository/cocoapods-raw/KinemicGesture-1.1.0-dev.22-13-g5adfdb44.tar.gz
  KinemicGestureCore:
    :http: https://repo.kinemic.com/repository/cocoapods-raw/KinemicGestureCore-1.1.0-dev.22-13-g5adfdb44.tar.gz

SPEC CHECKSUMS:
  KinemicGesture: b000cfe48c959b33359fdb1492a5ac502683a40e
  KinemicGestureCore: 92de879639d6f8451d5600c32b1b901ab0f7da32
  PromiseKit: e4863d06976e7dee5e41c04fc7371c16b3600292

PODFILE CHECKSUM: 21cfe6866131a4d68d235f199eede423f81206e4

COCOAPODS: 1.11.2
